
Microsoft Visual Studio Solution File, Format Version 12.00
# Visual Studio Version 16
VisualStudioVersion = 16.0.30330.147
MinimumVisualStudioVersion = 10.0.40219.1
Project("{FAE04EC0-301F-11D3-BF4B-00C04F79EFBC}") = "H-PF", "H-PF\H-PF.csproj", "{21616312-2470-4336-A581-61A3317AC38A}"
EndProject
Project("{2150E333-8FDC-42A3-9474-1A3956D46DE8}") = "ToolLibs", "ToolLibs", "{D52ADD6B-9043-4DA6-9944-03C426995F69}"
EndProject
Project("{2150E333-8FDC-42A3-9474-1A3956D46DE8}") = "HesoLogger", "HesoLogger", "{963ABBEA-68E2-4FF7-82A9-DB3C091DD309}"
EndProject
Project("{2150E333-8FDC-42A3-9474-1A3956D46DE8}") = "HesoCache", "HesoCache", "{6ADA5AFC-4C68-4E0E-A096-A4F5F29423D2}"
EndProject
Project("{2150E333-8FDC-42A3-9474-1A3956D46DE8}") = "Prototype", "Prototype", "{74B06F1E-EE37-4BF7-B1FC-492400B88F28}"
EndProject
Project("{2150E333-8FDC-42A3-9474-1A3956D46DE8}") = "WebAppDB", "WebAppDB", "{32AACAF5-D029-470E-AB64-069A48818131}"
EndProject
Project("{2150E333-8FDC-42A3-9474-1A3956D46DE8}") = "WPFDesigne", "WPFDesigne", "{421E9C22-AAD9-4F2F-BCE8-BB82DACC688B}"
EndProject
Project("{2150E333-8FDC-42A3-9474-1A3956D46DE8}") = "WebAppAuthentification", "WebAppAuthentification", "{32023C45-156D-4ECB-BA8D-A8BB9343F105}"
EndProject
Project("{2150E333-8FDC-42A3-9474-1A3956D46DE8}") = "WebAppHealthCheck", "WebAppHealthCheck", "{C146C899-F84B-4A77-AA8A-494B8A85CF01}"
EndProject
Project("{2150E333-8FDC-42A3-9474-1A3956D46DE8}") = "WebAppCRUD", "WebAppCRUD", "{675AFC72-1650-4B34-8608-50B9FDCB12F1}"
EndProject
Project("{2150E333-8FDC-42A3-9474-1A3956D46DE8}") = "ServiceReady", "ServiceReady", "{DFD43763-41F5-4A5B-9C3B-CB1AB09587C9}"
EndProject
Project("{2150E333-8FDC-42A3-9474-1A3956D46DE8}") = "HesoSwagger", "HesoSwagger", "{F261E16A-9919-4404-B795-3F7049FD0D68}"
EndProject
Project("{2150E333-8FDC-42A3-9474-1A3956D46DE8}") = "HesoAuthentificationClient", "HesoAuthentificationClient", "{2CB11712-0C4E-4CA7-8797-5128A22F6530}"
EndProject
Project("{2150E333-8FDC-42A3-9474-1A3956D46DE8}") = "HesoResultChecker", "HesoResultChecker", "{B2F34A3E-1E57-4ED7-A4E7-773249BF5928}"
EndProject
Project("{2150E333-8FDC-42A3-9474-1A3956D46DE8}") = "HostedService", "HostedService", "{2F7693F8-8DC0-40FA-86A3-99A99CFDA258}"
EndProject
Project("{2150E333-8FDC-42A3-9474-1A3956D46DE8}") = "WindowsService", "WindowsService", "{2CEA8FF3-4BA6-4034-BED8-8C7DE67B3990}"
EndProject
Project("{2150E333-8FDC-42A3-9474-1A3956D46DE8}") = "WindowsServiceAppKeepAlive", "WindowsServiceAppKeepAlive", "{A12871CB-65E8-4047-8311-5A34DC333664}"
EndProject
Project("{2150E333-8FDC-42A3-9474-1A3956D46DE8}") = "HesoFileTransfert", "HesoFileTransfert", "{19957551-B1A8-431C-9EE4-2FA05D098C4E}"
EndProject
Project("{2150E333-8FDC-42A3-9474-1A3956D46DE8}") = "HesoMail", "HesoMail", "{B973A4C9-FB30-4258-9915-A97E75B440B0}"
EndProject
Project("{2150E333-8FDC-42A3-9474-1A3956D46DE8}") = "WebAppMail", "WebAppMail", "{48BFC432-CF82-42BB-91DB-4517258CA7A5}"
EndProject
Project("{2150E333-8FDC-42A3-9474-1A3956D46DE8}") = "HesoConfiguration", "HesoConfiguration", "{AC1A664C-5B68-440F-A037-98C71F6254F4}"
EndProject
Project("{2150E333-8FDC-42A3-9474-1A3956D46DE8}") = "WebAppLogger", "WebAppLogger", "{C0EA63D0-FED3-44D0-BD2A-F047F79B27C1}"
EndProject
Project("{9A19103F-16F7-4668-BE54-9A1E7A4F7556}") = "H-PF.ToolLibs.HesoLogger", "H-PF.ToolLibs.HesoLogger\H-PF.ToolLibs.HesoLogger.csproj", "{9ECD0E79-BA88-4A3D-A715-34797C1DCAB2}"
EndProject
Project("{2150E333-8FDC-42A3-9474-1A3956D46DE8}") = "HesoConsole", "HesoConsole", "{B863C77C-7A1E-4F5A-9100-D10340BDA397}"
EndProject
Project("{2150E333-8FDC-42A3-9474-1A3956D46DE8}") = "WebConsole", "WebConsole", "{DE5FD969-2BFE-4B78-9831-EBA1A5ADC295}"
	ProjectSection(SolutionItems) = preProject
		WIKI_WebConsole.txt = WIKI_WebConsole.txt
	EndProjectSection
EndProject
Project("{2150E333-8FDC-42A3-9474-1A3956D46DE8}") = "ToolApps", "ToolApps", "{045621AB-7E53-4FC1-B6B0-E72C99C0A736}"
EndProject
Project("{2150E333-8FDC-42A3-9474-1A3956D46DE8}") = "HesoAppSettings", "HesoAppSettings", "{848FC7F1-8185-41E1-93A3-532726ABFC73}"
EndProject
Project("{2150E333-8FDC-42A3-9474-1A3956D46DE8}") = "Loggers", "Loggers", "{F519DB7B-46F5-43B5-B192-2A1C75226001}"
EndProject
Project("{9A19103F-16F7-4668-BE54-9A1E7A4F7556}") = "H-PF.ToolLibs.HesoLogger.Domaine", "H-PF.ToolLibs.HesoLogger.Logger\H-PF.ToolLibs.HesoLogger.Domaine.csproj", "{F3DB3198-4965-43E0-8F1D-4243E447CB07}"
EndProject
Project("{2150E333-8FDC-42A3-9474-1A3956D46DE8}") = "ConsoleLogger", "ConsoleLogger", "{5C33FE3E-FE40-49D5-8458-CC45D4398C43}"
EndProject
Project("{2150E333-8FDC-42A3-9474-1A3956D46DE8}") = "FileLogger", "FileLogger", "{C42ACA93-D8B2-4D4E-8CFE-A11F462BFBAE}"
EndProject
Project("{2150E333-8FDC-42A3-9474-1A3956D46DE8}") = "ServiceLogger", "ServiceLogger", "{70A29BD6-8AE5-4214-BA9B-6B55777411FF}"
EndProject
Project("{2150E333-8FDC-42A3-9474-1A3956D46DE8}") = "MultiLogger", "MultiLogger", "{5F2C6945-853D-4169-83A8-820F531BEE8F}"
EndProject
Project("{9A19103F-16F7-4668-BE54-9A1E7A4F7556}") = "H-PF.ToolLibs.HesoLogger.Loggers.ServiceLogger", "H-PF.ToolLibs.HesoLogger.Loggers.ServiceLogger\H-PF.ToolLibs.HesoLogger.Loggers.ServiceLogger.csproj", "{B4D786A1-E7A3-476D-ADF1-CCDFCCB777EC}"
EndProject
Project("{9A19103F-16F7-4668-BE54-9A1E7A4F7556}") = "H-PF.ToolLibs.HesoLogger.Loggers.ConsoleLogger", "H-PF.ToolLibs.HesoLogger.Loggers.ConsoleLogger\H-PF.ToolLibs.HesoLogger.Loggers.ConsoleLogger.csproj", "{A568DB7E-12D6-481D-8332-51DA7DBF01D7}"
EndProject
Project("{9A19103F-16F7-4668-BE54-9A1E7A4F7556}") = "H-PF.ToolLibs.HesoLogger.Loggers.MultiLogger", "H-PF.ToolLibs.HesoLogger.Loggers.MultiLogger\H-PF.ToolLibs.HesoLogger.Loggers.MultiLogger.csproj", "{4CD2D651-2185-4A27-BD87-DE2E256D85D2}"
EndProject
Project("{9A19103F-16F7-4668-BE54-9A1E7A4F7556}") = "H-PF.ToolLibs.HesoLogger.Loggers.FileLogger", "H-PF.ToolLibs.HesoLogger.Loggers.FileLogger\H-PF.ToolLibs.HesoLogger.Loggers.FileLogger.csproj", "{C28F1F31-1377-4166-AE56-0DB7C02BA522}"
EndProject
Project("{2150E333-8FDC-42A3-9474-1A3956D46DE8}") = "LogFormatters", "LogFormatters", "{625DC4E1-5B15-40A6-9737-CC2C40087612}"
EndProject
Project("{2150E333-8FDC-42A3-9474-1A3956D46DE8}") = "HesoLogFormater", "HesoLogFormater", "{35B6B2B6-96ED-4350-B993-3CBD39019678}"
EndProject
Project("{9A19103F-16F7-4668-BE54-9A1E7A4F7556}") = "H-PF.ToolLibs.HesoLogger.LogFormatters.HesoLogFormatter", "H-PF.ToolLibs.HesoLogger.LogFormaters.HesoLogFormater\H-PF.ToolLibs.HesoLogger.LogFormatters.HesoLogFormatter.csproj", "{38000441-D701-4274-8415-C7C21E8F8F25}"
EndProject
Project("{9A19103F-16F7-4668-BE54-9A1E7A4F7556}") = "H-PF.ToolLibs.HesoConfiguration", "H-PF.ToolLibs.HesoConfiguration\H-PF.ToolLibs.HesoConfiguration.csproj", "{DC20C162-D81F-40DE-A78D-2C6A2BD37C60}"
EndProject
Project("{9A19103F-16F7-4668-BE54-9A1E7A4F7556}") = "H-PF.ToolLibs.HesoConsole", "H-PF.ToolLibs.HesoConsole\H-PF.ToolLibs.HesoConsole.csproj", "{5F9DD5CC-7EA9-48A2-B6F7-266657FF939F}"
EndProject
Project("{9A19103F-16F7-4668-BE54-9A1E7A4F7556}") = "H-PF.Prototype.WebAppCRUD", "H-PF.Prototype.WebAppCRUD\H-PF.Prototype.WebAppCRUD.csproj", "{B4C1AE6E-79BB-401C-A558-C45C02EFE5A8}"
EndProject
Project("{2150E333-8FDC-42A3-9474-1A3956D46DE8}") = "SerilogLogger", "SerilogLogger", "{73508539-90DD-447F-995F-3BC10BA299F6}"
EndProject
Project("{2150E333-8FDC-42A3-9474-1A3956D46DE8}") = "Tests", "Tests", "{8139CADC-45A3-4803-BB9E-36D5A11333FE}"
EndProject
Project("{9A19103F-16F7-4668-BE54-9A1E7A4F7556}") = "Test_app", "Test_app\Test_app.csproj", "{9F979BE3-D51B-45FF-80D2-7A8842A16ACE}"
EndProject
Project("{FAE04EC0-301F-11D3-BF4B-00C04F79EFBC}") = "H-PF.ToolLibs.HesoCache", "H-PF.ToolLibs.HesoCache\H-PF.ToolLibs.HesoCache.csproj", "{E9F3C6A3-B6A8-47BC-986D-6D604EBBF40C}"
EndProject
Project("{2150E333-8FDC-42A3-9474-1A3956D46DE8}") = "HesoPersistance", "HesoPersistance", "{BD1E0239-24ED-4AD8-AA84-ABC2159EAC7C}"
EndProject
Project("{2150E333-8FDC-42A3-9474-1A3956D46DE8}") = "HesoStatelessMachine", "HesoStatelessMachine", "{26E00339-0BBB-4B98-AA4E-45CC93177832}"
EndProject
Project("{2150E333-8FDC-42A3-9474-1A3956D46DE8}") = "HesoEvent", "HesoEvent", "{DCEE52C0-647B-4E1E-8D06-1AE59539957C}"
EndProject
Project("{2150E333-8FDC-42A3-9474-1A3956D46DE8}") = "HesoSyncManager", "HesoSyncManager", "{1F9EABFF-9FAE-4C0A-AC83-811A5C8CD7C6}"
EndProject
Project("{2150E333-8FDC-42A3-9474-1A3956D46DE8}") = "HesoWatchDog", "HesoWatchDog", "{D3BE262D-BD29-4B50-8D2F-C9DF12DCD9B2}"
EndProject
Global
	GlobalSection(SolutionConfigurationPlatforms) = preSolution
		Debug|Any CPU = Debug|Any CPU
		Release|Any CPU = Release|Any CPU
	EndGlobalSection
	GlobalSection(ProjectConfigurationPlatforms) = postSolution
		{21616312-2470-4336-A581-61A3317AC38A}.Debug|Any CPU.ActiveCfg = Debug|Any CPU
		{21616312-2470-4336-A581-61A3317AC38A}.Debug|Any CPU.Build.0 = Debug|Any CPU
		{21616312-2470-4336-A581-61A3317AC38A}.Release|Any CPU.ActiveCfg = Release|Any CPU
		{21616312-2470-4336-A581-61A3317AC38A}.Release|Any CPU.Build.0 = Release|Any CPU
		{9ECD0E79-BA88-4A3D-A715-34797C1DCAB2}.Debug|Any CPU.ActiveCfg = Debug|Any CPU
		{9ECD0E79-BA88-4A3D-A715-34797C1DCAB2}.Debug|Any CPU.Build.0 = Debug|Any CPU
		{9ECD0E79-BA88-4A3D-A715-34797C1DCAB2}.Release|Any CPU.ActiveCfg = Release|Any CPU
		{9ECD0E79-BA88-4A3D-A715-34797C1DCAB2}.Release|Any CPU.Build.0 = Release|Any CPU
		{F3DB3198-4965-43E0-8F1D-4243E447CB07}.Debug|Any CPU.ActiveCfg = Debug|Any CPU
		{F3DB3198-4965-43E0-8F1D-4243E447CB07}.Debug|Any CPU.Build.0 = Debug|Any CPU
		{F3DB3198-4965-43E0-8F1D-4243E447CB07}.Release|Any CPU.ActiveCfg = Release|Any CPU
		{F3DB3198-4965-43E0-8F1D-4243E447CB07}.Release|Any CPU.Build.0 = Release|Any CPU
		{B4D786A1-E7A3-476D-ADF1-CCDFCCB777EC}.Debug|Any CPU.ActiveCfg = Debug|Any CPU
		{B4D786A1-E7A3-476D-ADF1-CCDFCCB777EC}.Debug|Any CPU.Build.0 = Debug|Any CPU
		{B4D786A1-E7A3-476D-ADF1-CCDFCCB777EC}.Release|Any CPU.ActiveCfg = Release|Any CPU
		{B4D786A1-E7A3-476D-ADF1-CCDFCCB777EC}.Release|Any CPU.Build.0 = Release|Any CPU
		{A568DB7E-12D6-481D-8332-51DA7DBF01D7}.Debug|Any CPU.ActiveCfg = Debug|Any CPU
		{A568DB7E-12D6-481D-8332-51DA7DBF01D7}.Debug|Any CPU.Build.0 = Debug|Any CPU
		{A568DB7E-12D6-481D-8332-51DA7DBF01D7}.Release|Any CPU.ActiveCfg = Release|Any CPU
		{A568DB7E-12D6-481D-8332-51DA7DBF01D7}.Release|Any CPU.Build.0 = Release|Any CPU
		{4CD2D651-2185-4A27-BD87-DE2E256D85D2}.Debug|Any CPU.ActiveCfg = Debug|Any CPU
		{4CD2D651-2185-4A27-BD87-DE2E256D85D2}.Debug|Any CPU.Build.0 = Debug|Any CPU
		{4CD2D651-2185-4A27-BD87-DE2E256D85D2}.Release|Any CPU.ActiveCfg = Release|Any CPU
		{4CD2D651-2185-4A27-BD87-DE2E256D85D2}.Release|Any CPU.Build.0 = Release|Any CPU
		{C28F1F31-1377-4166-AE56-0DB7C02BA522}.Debug|Any CPU.ActiveCfg = Debug|Any CPU
		{C28F1F31-1377-4166-AE56-0DB7C02BA522}.Debug|Any CPU.Build.0 = Debug|Any CPU
		{C28F1F31-1377-4166-AE56-0DB7C02BA522}.Release|Any CPU.ActiveCfg = Release|Any CPU
		{C28F1F31-1377-4166-AE56-0DB7C02BA522}.Release|Any CPU.Build.0 = Release|Any CPU
		{38000441-D701-4274-8415-C7C21E8F8F25}.Debug|Any CPU.ActiveCfg = Debug|Any CPU
		{38000441-D701-4274-8415-C7C21E8F8F25}.Debug|Any CPU.Build.0 = Debug|Any CPU
		{38000441-D701-4274-8415-C7C21E8F8F25}.Release|Any CPU.ActiveCfg = Release|Any CPU
		{38000441-D701-4274-8415-C7C21E8F8F25}.Release|Any CPU.Build.0 = Release|Any CPU
		{DC20C162-D81F-40DE-A78D-2C6A2BD37C60}.Debug|Any CPU.ActiveCfg = Debug|Any CPU
		{DC20C162-D81F-40DE-A78D-2C6A2BD37C60}.Debug|Any CPU.Build.0 = Debug|Any CPU
		{DC20C162-D81F-40DE-A78D-2C6A2BD37C60}.Release|Any CPU.ActiveCfg = Release|Any CPU
		{DC20C162-D81F-40DE-A78D-2C6A2BD37C60}.Release|Any CPU.Build.0 = Release|Any CPU
		{5F9DD5CC-7EA9-48A2-B6F7-266657FF939F}.Debug|Any CPU.ActiveCfg = Debug|Any CPU
		{5F9DD5CC-7EA9-48A2-B6F7-266657FF939F}.Debug|Any CPU.Build.0 = Debug|Any CPU
		{5F9DD5CC-7EA9-48A2-B6F7-266657FF939F}.Release|Any CPU.ActiveCfg = Release|Any CPU
		{5F9DD5CC-7EA9-48A2-B6F7-266657FF939F}.Release|Any CPU.Build.0 = Release|Any CPU
		{B4C1AE6E-79BB-401C-A558-C45C02EFE5A8}.Debug|Any CPU.ActiveCfg = Debug|Any CPU
		{B4C1AE6E-79BB-401C-A558-C45C02EFE5A8}.Debug|Any CPU.Build.0 = Debug|Any CPU
		{B4C1AE6E-79BB-401C-A558-C45C02EFE5A8}.Release|Any CPU.ActiveCfg = Release|Any CPU
		{B4C1AE6E-79BB-401C-A558-C45C02EFE5A8}.Release|Any CPU.Build.0 = Release|Any CPU
		{9F979BE3-D51B-45FF-80D2-7A8842A16ACE}.Debug|Any CPU.ActiveCfg = Debug|Any CPU
		{9F979BE3-D51B-45FF-80D2-7A8842A16ACE}.Debug|Any CPU.Build.0 = Debug|Any CPU
		{9F979BE3-D51B-45FF-80D2-7A8842A16ACE}.Release|Any CPU.ActiveCfg = Release|Any CPU
		{9F979BE3-D51B-45FF-80D2-7A8842A16ACE}.Release|Any CPU.Build.0 = Release|Any CPU
		{E9F3C6A3-B6A8-47BC-986D-6D604EBBF40C}.Debug|Any CPU.ActiveCfg = Debug|Any CPU
		{E9F3C6A3-B6A8-47BC-986D-6D604EBBF40C}.Debug|Any CPU.Build.0 = Debug|Any CPU
		{E9F3C6A3-B6A8-47BC-986D-6D604EBBF40C}.Release|Any CPU.ActiveCfg = Release|Any CPU
		{E9F3C6A3-B6A8-47BC-986D-6D604EBBF40C}.Release|Any CPU.Build.0 = Release|Any CPU
	EndGlobalSection
	GlobalSection(SolutionProperties) = preSolution
		HideSolutionNode = FALSE
	EndGlobalSection
	GlobalSection(NestedProjects) = preSolution
		{21616312-2470-4336-A581-61A3317AC38A} = {421E9C22-AAD9-4F2F-BCE8-BB82DACC688B}
		{963ABBEA-68E2-4FF7-82A9-DB3C091DD309} = {D52ADD6B-9043-4DA6-9944-03C426995F69}
		{6ADA5AFC-4C68-4E0E-A096-A4F5F29423D2} = {D52ADD6B-9043-4DA6-9944-03C426995F69}
		{32AACAF5-D029-470E-AB64-069A48818131} = {DFD43763-41F5-4A5B-9C3B-CB1AB09587C9}
		{32023C45-156D-4ECB-BA8D-A8BB9343F105} = {DFD43763-41F5-4A5B-9C3B-CB1AB09587C9}
		{C146C899-F84B-4A77-AA8A-494B8A85CF01} = {DFD43763-41F5-4A5B-9C3B-CB1AB09587C9}
		{675AFC72-1650-4B34-8608-50B9FDCB12F1} = {74B06F1E-EE37-4BF7-B1FC-492400B88F28}
		{F261E16A-9919-4404-B795-3F7049FD0D68} = {D52ADD6B-9043-4DA6-9944-03C426995F69}
		{2CB11712-0C4E-4CA7-8797-5128A22F6530} = {D52ADD6B-9043-4DA6-9944-03C426995F69}
		{B2F34A3E-1E57-4ED7-A4E7-773249BF5928} = {D52ADD6B-9043-4DA6-9944-03C426995F69}
		{2F7693F8-8DC0-40FA-86A3-99A99CFDA258} = {74B06F1E-EE37-4BF7-B1FC-492400B88F28}
		{2CEA8FF3-4BA6-4034-BED8-8C7DE67B3990} = {74B06F1E-EE37-4BF7-B1FC-492400B88F28}
		{A12871CB-65E8-4047-8311-5A34DC333664} = {DFD43763-41F5-4A5B-9C3B-CB1AB09587C9}
		{19957551-B1A8-431C-9EE4-2FA05D098C4E} = {D52ADD6B-9043-4DA6-9944-03C426995F69}
		{B973A4C9-FB30-4258-9915-A97E75B440B0} = {D52ADD6B-9043-4DA6-9944-03C426995F69}
		{48BFC432-CF82-42BB-91DB-4517258CA7A5} = {DFD43763-41F5-4A5B-9C3B-CB1AB09587C9}
		{AC1A664C-5B68-440F-A037-98C71F6254F4} = {D52ADD6B-9043-4DA6-9944-03C426995F69}
		{C0EA63D0-FED3-44D0-BD2A-F047F79B27C1} = {DFD43763-41F5-4A5B-9C3B-CB1AB09587C9}
		{9ECD0E79-BA88-4A3D-A715-34797C1DCAB2} = {963ABBEA-68E2-4FF7-82A9-DB3C091DD309}
		{B863C77C-7A1E-4F5A-9100-D10340BDA397} = {D52ADD6B-9043-4DA6-9944-03C426995F69}
		{DE5FD969-2BFE-4B78-9831-EBA1A5ADC295} = {DFD43763-41F5-4A5B-9C3B-CB1AB09587C9}
		{848FC7F1-8185-41E1-93A3-532726ABFC73} = {045621AB-7E53-4FC1-B6B0-E72C99C0A736}
		{F519DB7B-46F5-43B5-B192-2A1C75226001} = {963ABBEA-68E2-4FF7-82A9-DB3C091DD309}
		{F3DB3198-4965-43E0-8F1D-4243E447CB07} = {963ABBEA-68E2-4FF7-82A9-DB3C091DD309}
		{5C33FE3E-FE40-49D5-8458-CC45D4398C43} = {F519DB7B-46F5-43B5-B192-2A1C75226001}
		{C42ACA93-D8B2-4D4E-8CFE-A11F462BFBAE} = {F519DB7B-46F5-43B5-B192-2A1C75226001}
		{70A29BD6-8AE5-4214-BA9B-6B55777411FF} = {F519DB7B-46F5-43B5-B192-2A1C75226001}
		{5F2C6945-853D-4169-83A8-820F531BEE8F} = {F519DB7B-46F5-43B5-B192-2A1C75226001}
		{B4D786A1-E7A3-476D-ADF1-CCDFCCB777EC} = {70A29BD6-8AE5-4214-BA9B-6B55777411FF}
		{A568DB7E-12D6-481D-8332-51DA7DBF01D7} = {5C33FE3E-FE40-49D5-8458-CC45D4398C43}
		{4CD2D651-2185-4A27-BD87-DE2E256D85D2} = {5F2C6945-853D-4169-83A8-820F531BEE8F}
		{C28F1F31-1377-4166-AE56-0DB7C02BA522} = {C42ACA93-D8B2-4D4E-8CFE-A11F462BFBAE}
		{625DC4E1-5B15-40A6-9737-CC2C40087612} = {963ABBEA-68E2-4FF7-82A9-DB3C091DD309}
		{35B6B2B6-96ED-4350-B993-3CBD39019678} = {625DC4E1-5B15-40A6-9737-CC2C40087612}
		{38000441-D701-4274-8415-C7C21E8F8F25} = {35B6B2B6-96ED-4350-B993-3CBD39019678}
		{DC20C162-D81F-40DE-A78D-2C6A2BD37C60} = {AC1A664C-5B68-440F-A037-98C71F6254F4}
		{5F9DD5CC-7EA9-48A2-B6F7-266657FF939F} = {B863C77C-7A1E-4F5A-9100-D10340BDA397}
		{B4C1AE6E-79BB-401C-A558-C45C02EFE5A8} = {675AFC72-1650-4B34-8608-50B9FDCB12F1}
		{73508539-90DD-447F-995F-3BC10BA299F6} = {F519DB7B-46F5-43B5-B192-2A1C75226001}
		{9F979BE3-D51B-45FF-80D2-7A8842A16ACE} = {8139CADC-45A3-4803-BB9E-36D5A11333FE}
		{E9F3C6A3-B6A8-47BC-986D-6D604EBBF40C} = {6ADA5AFC-4C68-4E0E-A096-A4F5F29423D2}
		{BD1E0239-24ED-4AD8-AA84-ABC2159EAC7C} = {D52ADD6B-9043-4DA6-9944-03C426995F69}
		{26E00339-0BBB-4B98-AA4E-45CC93177832} = {D52ADD6B-9043-4DA6-9944-03C426995F69}
		{DCEE52C0-647B-4E1E-8D06-1AE59539957C} = {D52ADD6B-9043-4DA6-9944-03C426995F69}
		{1F9EABFF-9FAE-4C0A-AC83-811A5C8CD7C6} = {D52ADD6B-9043-4DA6-9944-03C426995F69}
		{D3BE262D-BD29-4B50-8D2F-C9DF12DCD9B2} = {D52ADD6B-9043-4DA6-9944-03C426995F69}
	EndGlobalSection
	GlobalSection(ExtensibilityGlobals) = postSolution
		SolutionGuid = {05F33D9E-4A59-4443-A388-2B84A447FAB3}
	EndGlobalSection
EndGlobal
